{
  "name": "glyph-party",
  "version": "0.0.1",
  "lockfileVersion": 3,
  "requires": true,
  "packages": {
    "": {
      "name": "glyph-party",
      "version": "0.0.1",
      "license": "MIT",
      "devDependencies": {
        "ucd-full": "^16.0.1"
      },
      "engines": {
        "node": ">=16.0.0"
      }
    },
    "node_modules/ucd-full": {
      "version": "16.0.1",
      "resolved": "https://registry.npmjs.org/ucd-full/-/ucd-full-16.0.1.tgz",
      "integrity": "sha512-XnDN5vR6TNr0+2Tp4mAl5J59HZLji1IhWbIwvTD6G1mpzz4Vjg8vjyBm7VNyd+D/fnDridl9/cTHIKMXojvdeA==",
      "dev": true,
      "license": "Apache-2.0"
    }
  }
}
